
Microsoft Visual Studio Solution File, Format Version 12.00
# Visual Studio Version 17
VisualStudioVersion = 17.7.34009.444
MinimumVisualStudioVersion = 10.0.40219.1
Project("{FAE04EC0-301F-11D3-BF4B-00C04F79EFBC}") = "Solid Principles - Banking System", "Solid Principles - Banking System\Solid Principles - Banking System.csproj", "{4D7DDBE9-8464-460E-99CF-B1245989CCED}"
EndProject
Global
	GlobalSection(SolutionConfigurationPlatforms) = preSolution
		Debug|Any CPU = Debug|Any CPU
		Release|Any CPU = Release|Any CPU
	EndGlobalSection
	GlobalSection(ProjectConfigurationPlatforms) = postSolution
		{4D7DDBE9-8464-460E-99CF-B1245989CCED}.Debug|Any CPU.ActiveCfg = Debug|Any CPU
		{4D7DDBE9-8464-460E-99CF-B1245989CCED}.Debug|Any CPU.Build.0 = Debug|Any CPU
		{4D7DDBE9-8464-460E-99CF-B1245989CCED}.Release|Any CPU.ActiveCfg = Release|Any CPU
		{4D7DDBE9-8464-460E-99CF-B1245989CCED}.Release|Any CPU.Build.0 = Release|Any CPU
	EndGlobalSection
	GlobalSection(SolutionProperties) = preSolution
		HideSolutionNode = FALSE
	EndGlobalSection
	GlobalSection(ExtensibilityGlobals) = postSolution
		SolutionGuid = {5A848C53-3CA9-40B2-ABB5-18006A0A6C8F}
	EndGlobalSection
EndGlobal
