
Microsoft Visual Studio Solution File, Format Version 12.00
# Visual Studio Version 17
VisualStudioVersion = 17.7.34009.444
MinimumVisualStudioVersion = 10.0.40219.1
Project("{FAE04EC0-301F-11D3-BF4B-00C04F79EFBC}") = "WeatherServiceLibrary", "ClassLibrary project\WeatherServiceLibrary.csproj", "{8F04511D-507C-471C-99C0-2CC9FE7DBD17}"
EndProject
Project("{FAE04EC0-301F-11D3-BF4B-00C04F79EFBC}") = "WebApplication1", "WebApplication1\WebApplication1.csproj", "{D0218D98-861F-4BFB-9D99-AF9853D38D8A}"
EndProject
Global
	GlobalSection(SolutionConfigurationPlatforms) = preSolution
		Debug|Any CPU = Debug|Any CPU
		Release|Any CPU = Release|Any CPU
	EndGlobalSection
	GlobalSection(ProjectConfigurationPlatforms) = postSolution
		{8F04511D-507C-471C-99C0-2CC9FE7DBD17}.Debug|Any CPU.ActiveCfg = Debug|Any CPU
		{8F04511D-507C-471C-99C0-2CC9FE7DBD17}.Debug|Any CPU.Build.0 = Debug|Any CPU
		{8F04511D-507C-471C-99C0-2CC9FE7DBD17}.Release|Any CPU.ActiveCfg = Release|Any CPU
		{8F04511D-507C-471C-99C0-2CC9FE7DBD17}.Release|Any CPU.Build.0 = Release|Any CPU
		{D0218D98-861F-4BFB-9D99-AF9853D38D8A}.Debug|Any CPU.ActiveCfg = Debug|Any CPU
		{D0218D98-861F-4BFB-9D99-AF9853D38D8A}.Debug|Any CPU.Build.0 = Debug|Any CPU
		{D0218D98-861F-4BFB-9D99-AF9853D38D8A}.Release|Any CPU.ActiveCfg = Release|Any CPU
		{D0218D98-861F-4BFB-9D99-AF9853D38D8A}.Release|Any CPU.Build.0 = Release|Any CPU
	EndGlobalSection
	GlobalSection(SolutionProperties) = preSolution
		HideSolutionNode = FALSE
	EndGlobalSection
	GlobalSection(ExtensibilityGlobals) = postSolution
		SolutionGuid = {BFFDF264-CD4E-4D2D-92AA-0B5454C9BB3D}
	EndGlobalSection
EndGlobal
